// !$*UTF8*$!
{
	archiveVersion = 1;
	classes = {
	};
	objectVersion = 50;
	objects = {

/* Begin PBXBuildFile section */
		7607526C23A391390077E0F3 /* AppDelegate.swift in Sources */ = {isa = PBXBuildFile; fileRef = 7607526B23A391390077E0F3 /* AppDelegate.swift */; };
		7607526E23A391390077E0F3 /* SceneDelegate.swift in Sources */ = {isa = PBXBuildFile; fileRef = 7607526D23A391390077E0F3 /* SceneDelegate.swift */; };
		7607527023A391390077E0F3 /* ViewController.swift in Sources */ = {isa = PBXBuildFile; fileRef = 7607526F23A391390077E0F3 /* ViewController.swift */; };
		7607527323A391390077E0F3 /* Main.storyboard in Resources */ = {isa = PBXBuildFile; fileRef = 7607527123A391390077E0F3 /* Main.storyboard */; };
		7607527523A3913A0077E0F3 /* Assets.xcassets in Resources */ = {isa = PBXBuildFile; fileRef = 7607527423A3913A0077E0F3 /* Assets.xcassets */; };
		7607527823A3913A0077E0F3 /* LaunchScreen.storyboard in Resources */ = {isa = PBXBuildFile; fileRef = 7607527623A3913A0077E0F3 /* LaunchScreen.storyboard */; };
		7607528323A3913B0077E0F3 /* CICDSampleTests.swift in Sources */ = {isa = PBXBuildFile; fileRef = 7607528223A3913B0077E0F3 /* CICDSampleTests.swift */; };
/* End PBXBuildFile section */

/* Begin PBXContainerItemProxy section */
		7607527F23A3913B0077E0F3 /* PBXContainerItemProxy */ = {
			isa = PBXContainerItemProxy;
			containerPortal = 7607526023A391390077E0F3 /* Project object */;
			proxyType = 1;
			remoteGlobalIDString = 7607526723A391390077E0F3;
			remoteInfo = CICDSample;
		};
/* End PBXContainerItemProxy section */

/* Begin PBXFileReference section */
		7607526823A391390077E0F3 /* CICDSample.app */ = {isa = PBXFileReference; explicitFileType = wrapper.application; includeInIndex = 0; path = CICDSample.app; sourceTree = BUILT_PRODUCTS_DIR; };
		7607526B23A391390077E0F3 /* AppDelegate.swift */ = {isa = PBXFileReference; lastKnownFileType = sourcecode.swift; path = AppDelegate.swift; sourceTree = "<group>"; };
		7607526D23A391390077E0F3 /* SceneDelegate.swift */ = {isa = PBXFileReference; lastKnownFileType = sourcecode.swift; path = SceneDelegate.swift; sourceTree = "<group>"; };
		7607526F23A391390077E0F3 /* ViewController.swift */ = {isa = PBXFileReference; lastKnownFileType = sourcecode.swift; path = ViewController.swift; sourceTree = "<group>"; };
		7607527223A391390077E0F3 /* Base */ = {isa = PBXFileReference; lastKnownFileType = file.storyboard; name = Base; path = Base.lproj/Main.storyboard; sourceTree = "<group>"; };
		7607527423A3913A0077E0F3 /* Assets.xcassets */ = {isa = PBXFileReference; lastKnownFileType = folder.assetcatalog; path = Assets.xcassets; sourceTree = "<group>"; };
		7607527723A3913A0077E0F3 /* Base */ = {isa = PBXFileReference; lastKnownFileType = file.storyboard; name = Base; path = Base.lproj/LaunchScreen.storyboard; sourceTree = "<group>"; };
		7607527923A3913A0077E0F3 /* Info.plist */ = {isa = PBXFileReference; lastKnownFileType = text.plist.xml; path = Info.plist; sourceTree = "<group>"; };
		7607527E23A3913B0077E0F3 /* CICDSampleTests.xctest */ = {isa = PBXFileReference; explicitFileType = wrapper.cfbundle; includeInIndex = 0; path = CICDSampleTests.xctest; sourceTree = BUILT_PRODUCTS_DIR; };
		7607528223A3913B0077E0F3 /* CICDSampleTests.swift */ = {isa = PBXFileReference; lastKnownFileType = sourcecode.swift; path = CICDSampleTests.swift; sourceTree = "<group>"; };
		7607528423A3913B0077E0F3 /* Info.plist */ = {isa = PBXFileReference; lastKnownFileType = text.plist.xml; path = Info.plist; sourceTree = "<group>"; };
/* End PBXFileReference section */

/* Begin PBXFrameworksBuildPhase section */
		7607526523A391390077E0F3 /* Frameworks */ = {
			isa = PBXFrameworksBuildPhase;
			buildActionMask = 2147483647;
			files = (
			);
			runOnlyForDeploymentPostprocessing = 0;
		};
		7607527B23A3913B0077E0F3 /* Frameworks */ = {
			isa = PBXFrameworksBuildPhase;
			buildActionMask = 2147483647;
			files = (
			);
			runOnlyForDeploymentPostprocessing = 0;
		};
/* End PBXFrameworksBuildPhase section */

/* Begin PBXGroup section */
		7607525F23A391390077E0F3 = {
			isa = PBXGroup;
			children = (
				7607526A23A391390077E0F3 /* CICDSample */,
				7607528123A3913B0077E0F3 /* CICDSampleTests */,
				7607526923A391390077E0F3 /* Products */,
			);
			sourceTree = "<group>";
		};
		7607526923A391390077E0F3 /* Products */ = {
			isa = PBXGroup;
			children = (
				7607526823A391390077E0F3 /* CICDSample.app */,
				7607527E23A3913B0077E0F3 /* CICDSampleTests.xctest */,
			);
			name = Products;
			sourceTree = "<group>";
		};
		7607526A23A391390077E0F3 /* CICDSample */ = {
			isa = PBXGroup;
			children = (
				7607526B23A391390077E0F3 /* AppDelegate.swift */,
				7607526D23A391390077E0F3 /* SceneDelegate.swift */,
				7607526F23A391390077E0F3 /* ViewController.swift */,
				7607527123A391390077E0F3 /* Main.storyboard */,
				7607527423A3913A0077E0F3 /* Assets.xcassets */,
				7607527623A3913A0077E0F3 /* LaunchScreen.storyboard */,
				7607527923A3913A0077E0F3 /* Info.plist */,
			);
			path = CICDSample;
			sourceTree = "<group>";
		};
		7607528123A3913B0077E0F3 /* CICDSampleTests */ = {
			isa = PBXGroup;
			children = (
				7607528223A3913B0077E0F3 /* CICDSampleTests.swift */,
				7607528423A3913B0077E0F3 /* Info.plist */,
			);
			path = CICDSampleTests;
			sourceTree = "<group>";
		};
/* End PBXGroup section */

/* Begin PBXNativeTarget section */
		7607526723A391390077E0F3 /* CICDSample */ = {
			isa = PBXNativeTarget;
			buildConfigurationList = 7607528723A3913B0077E0F3 /* Build configuration list for PBXNativeTarget "CICDSample" */;
			buildPhases = (
				7607526423A391390077E0F3 /* Sources */,
				7607526523A391390077E0F3 /* Frameworks */,
				7607526623A391390077E0F3 /* Resources */,
			);
			buildRules = (
			);
			dependencies = (
			);
			name = CICDSample;
			productName = CICDSample;
			productReference = 7607526823A391390077E0F3 /* CICDSample.app */;
			productType = "com.apple.product-type.application";
		};
		7607527D23A3913B0077E0F3 /* CICDSampleTests */ = {
			isa = PBXNativeTarget;
			buildConfigurationList = 7607528A23A3913B0077E0F3 /* Build configuration list for PBXNativeTarget "CICDSampleTests" */;
			buildPhases = (
				7607527A23A3913B0077E0F3 /* Sources */,
				7607527B23A3913B0077E0F3 /* Frameworks */,
				7607527C23A3913B0077E0F3 /* Resources */,
			);
			buildRules = (
			);
			dependencies = (
				7607528023A3913B0077E0F3 /* PBXTargetDependency */,
			);
			name = CICDSampleTests;
			productName = CICDSampleTests;
			productReference = 7607527E23A3913B0077E0F3 /* CICDSampleTests.xctest */;
			productType = "com.apple.product-type.bundle.unit-test";
		};
/* End PBXNativeTarget section */

/* Begin PBXProject section */
		7607526023A391390077E0F3 /* Project object */ = {
			isa = PBXProject;
			attributes = {
				LastSwiftUpdateCheck = 1120;
				LastUpgradeCheck = 1120;
				ORGANIZATIONNAME = LTI;
				TargetAttributes = {
					7607526723A391390077E0F3 = {
						CreatedOnToolsVersion = 11.2.1;
					};
					7607527D23A3913B0077E0F3 = {
						CreatedOnToolsVersion = 11.2.1;
						TestTargetID = 7607526723A391390077E0F3;
					};
				};
			};
			buildConfigurationList = 7607526323A391390077E0F3 /* Build configuration list for PBXProject "CICDSample" */;
			compatibilityVersion = "Xcode 9.3";
			developmentRegion = en;
			hasScannedForEncodings = 0;
			knownRegions = (
				en,
				Base,
			);
			mainGroup = 7607525F23A391390077E0F3;
			productRefGroup = 7607526923A391390077E0F3 /* Products */;
			projectDirPath = "";
			projectRoot = "";
			targets = (
				7607526723A391390077E0F3 /* CICDSample */,
				7607527D23A3913B0077E0F3 /* CICDSampleTests */,
			);
		};
/* End PBXProject section */

/* Begin PBXResourcesBuildPhase section */
		7607526623A391390077E0F3 /* Resources */ = {
			isa = PBXResourcesBuildPhase;
			buildActionMask = 2147483647;
			files = (
				7607527823A3913A0077E0F3 /* LaunchScreen.storyboard in Resources */,
				7607527523A3913A0077E0F3 /* Assets.xcassets in Resources */,
				7607527323A391390077E0F3 /* Main.storyboard in Resources */,
			);
			runOnlyForDeploymentPostprocessing = 0;
		};
		7607527C23A3913B0077E0F3 /* Resources */ = {
			isa = PBXResourcesBuildPhase;
			buildActionMask = 2147483647;
			files = (
			);
			runOnlyForDeploymentPostprocessing = 0;
		};
/* End PBXResourcesBuildPhase section */

/* Begin PBXSourcesBuildPhase section */
		7607526423A391390077E0F3 /* Sources */ = {
			isa = PBXSourcesBuildPhase;
			buildActionMask = 2147483647;
			files = (
				7607527023A391390077E0F3 /* ViewController.swift in Sources */,
				7607526C23A391390077E0F3 /* AppDelegate.swift in Sources */,
				7607526E23A391390077E0F3 /* SceneDelegate.swift in Sources */,
			);
			runOnlyForDeploymentPostprocessing = 0;
		};
		7607527A23A3913B0077E0F3 /* Sources */ = {
			isa = PBXSourcesBuildPhase;
			buildActionMask = 2147483647;
			files = (
				7607528323A3913B0077E0F3 /* CICDSampleTests.swift in Sources */,
			);
			runOnlyForDeploymentPostprocessing = 0;
		};
/* End PBXSourcesBuildPhase section */

/* Begin PBXTargetDependency section */
		7607528023A3913B0077E0F3 /* PBXTargetDependency */ = {
			isa = PBXTargetDependency;
			target = 7607526723A391390077E0F3 /* CICDSample */;
			targetProxy = 7607527F23A3913B0077E0F3 /* PBXContainerItemProxy */;
		};
/* End PBXTargetDependency section */

/* Begin PBXVariantGroup section */
		7607527123A391390077E0F3 /* Main.storyboard */ = {
			isa = PBXVariantGroup;
			children = (
				7607527223A391390077E0F3 /* Base */,
			);
			name = Main.storyboard;
			sourceTree = "<group>";
		};
		7607527623A3913A0077E0F3 /* LaunchScreen.storyboard */ = {
			isa = PBXVariantGroup;
			children = (
				7607527723A3913A0077E0F3 /* Base */,
			);
			name = LaunchScreen.storyboard;
			sourceTree = "<group>";
		};
/* End PBXVariantGroup section */

/* Begin XCBuildConfiguration section */
		7607528523A3913B0077E0F3 /* Debug */ = {
			isa = XCBuildConfiguration;
			buildSettings = {
				ALWAYS_SEARCH_USER_PATHS = NO;
				CLANG_ANALYZER_NONNULL = YES;
				CLANG_ANALYZER_NUMBER_OBJECT_CONVERSION = YES_AGGRESSIVE;
				CLANG_CXX_LANGUAGE_STANDARD = "gnu++14";
				CLANG_CXX_LIBRARY = "libc++";
				CLANG_ENABLE_MODULES = YES;
				CLANG_ENABLE_OBJC_ARC = YES;
				CLANG_ENABLE_OBJC_WEAK = YES;
				CLANG_WARN_BLOCK_CAPTURE_AUTORELEASING = YES;
				CLANG_WARN_BOOL_CONVERSION = YES;
				CLANG_WARN_COMMA = YES;
				CLANG_WARN_CONSTANT_CONVERSION = YES;
				CLANG_WARN_DEPRECATED_OBJC_IMPLEMENTATIONS = YES;
				CLANG_WARN_DIRECT_OBJC_ISA_USAGE = YES_ERROR;
				CLANG_WARN_DOCUMENTATION_COMMENTS = YES;
				CLANG_WARN_EMPTY_BODY = YES;
				CLANG_WARN_ENUM_CONVERSION = YES;
				CLANG_WARN_INFINITE_RECURSION = YES;
				CLANG_WARN_INT_CONVERSION = YES;
				CLANG_WARN_NON_LITERAL_NULL_CONVERSION = YES;
				CLANG_WARN_OBJC_IMPLICIT_RETAIN_SELF = YES;
				CLANG_WARN_OBJC_LITERAL_CONVERSION = YES;
				CLANG_WARN_OBJC_ROOT_CLASS = YES_ERROR;
				CLANG_WARN_RANGE_LOOP_ANALYSIS = YES;
				CLANG_WARN_STRICT_PROTOTYPES = YES;
				CLANG_WARN_SUSPICIOUS_MOVE = YES;
				CLANG_WARN_UNGUARDED_AVAILABILITY = YES_AGGRESSIVE;
				CLANG_WARN_UNREACHABLE_CODE = YES;
				CLANG_WARN__DUPLICATE_METHOD_MATCH = YES;
				COPY_PHASE_STRIP = NO;
				DEBUG_INFORMATION_FORMAT = dwarf;
				ENABLE_STRICT_OBJC_MSGSEND = YES;
				ENABLE_TESTABILITY = YES;
				GCC_C_LANGUAGE_STANDARD = gnu11;
				GCC_DYNAMIC_NO_PIC = NO;
				GCC_NO_COMMON_BLOCKS = YES;
				GCC_OPTIMIZATION_LEVEL = 0;
				GCC_PREPROCESSOR_DEFINITIONS = (
					"DEBUG=1",
					"$(inherited)",
				);
				GCC_WARN_64_TO_32_BIT_CONVERSION = YES;
				GCC_WARN_ABOUT_RETURN_TYPE = YES_ERROR;
				GCC_WARN_UNDECLARED_SELECTOR = YES;
				GCC_WARN_UNINITIALIZED_AUTOS = YES_AGGRESSIVE;
				GCC_WARN_UNUSED_FUNCTION = YES;
				GCC_WARN_UNUSED_VARIABLE = YES;
				IPHONEOS_DEPLOYMENT_TARGET = 13.2;
				MTL_ENABLE_DEBUG_INFO = INCLUDE_SOURCE;
				MTL_FAST_MATH = YES;
				ONLY_ACTIVE_ARCH = YES;
				SDKROOT = iphoneos;
				SWIFT_ACTIVE_COMPILATION_CONDITIONS = DEBUG;
				SWIFT_OPTIMIZATION_LEVEL = "-Onone";
			};
			name = Debug;
		};
		7607528623A3913B0077E0F3 /* Release */ = {
			isa = XCBuildConfiguration;
			buildSettings = {
				ALWAYS_SEARCH_USER_PATHS = NO;
				CLANG_ANALYZER_NONNULL = YES;
				CLANG_ANALYZER_NUMBER_OBJECT_CONVERSION = YES_AGGRESSIVE;
				CLANG_CXX_LANGUAGE_STANDARD = "gnu++14";
				CLANG_CXX_LIBRARY = "libc++";
				CLANG_ENABLE_MODULES = YES;
				CLANG_ENABLE_OBJC_ARC = YES;
				CLANG_ENABLE_OBJC_WEAK = YES;
				CLANG_WARN_BLOCK_CAPTURE_AUTORELEASING = YES;
				CLANG_WARN_BOOL_CONVERSION = YES;
				CLANG_WARN_COMMA = YES;
				CLANG_WARN_CONSTANT_CONVERSION = YES;
				CLANG_WARN_DEPRECATED_OBJC_IMPLEMENTATIONS = YES;
				CLANG_WARN_DIRECT_OBJC_ISA_USAGE = YES_ERROR;
				CLANG_WARN_DOCUMENTATION_COMMENTS = YES;
				CLANG_WARN_EMPTY_BODY = YES;
				CLANG_WARN_ENUM_CONVERSION = YES;
				CLANG_WARN_INFINITE_RECURSION = YES;
				CLANG_WARN_INT_CONVERSION = YES;
				CLANG_WARN_NON_LITERAL_NULL_CONVERSION = YES;
				CLANG_WARN_OBJC_IMPLICIT_RETAIN_SELF = YES;
				CLANG_WARN_OBJC_LITERAL_CONVERSION = YES;
				CLANG_WARN_OBJC_ROOT_CLASS = YES_ERROR;
				CLANG_WARN_RANGE_LOOP_ANALYSIS = YES;
				CLANG_WARN_STRICT_PROTOTYPES = YES;
				CLANG_WARN_SUSPICIOUS_MOVE = YES;
				CLANG_WARN_UNGUARDED_AVAILABILITY = YES_AGGRESSIVE;
				CLANG_WARN_UNREACHABLE_CODE = YES;
				CLANG_WARN__DUPLICATE_METHOD_MATCH = YES;
				COPY_PHASE_STRIP = NO;
				DEBUG_INFORMATION_FORMAT = "dwarf-with-dsym";
				ENABLE_NS_ASSERTIONS = NO;
				ENABLE_STRICT_OBJC_MSGSEND = YES;
				GCC_C_LANGUAGE_STANDARD = gnu11;
				GCC_NO_COMMON_BLOCKS = YES;
				GCC_WARN_64_TO_32_BIT_CONVERSION = YES;
				GCC_WARN_ABOUT_RETURN_TYPE = YES_ERROR;
				GCC_WARN_UNDECLARED_SELECTOR = YES;
				GCC_WARN_UNINITIALIZED_AUTOS = YES_AGGRESSIVE;
				GCC_WARN_UNUSED_FUNCTION = YES;
				GCC_WARN_UNUSED_VARIABLE = YES;
				IPHONEOS_DEPLOYMENT_TARGET = 13.2;
				MTL_ENABLE_DEBUG_INFO = NO;
				MTL_FAST_MATH = YES;
				SDKROOT = iphoneos;
				SWIFT_COMPILATION_MODE = wholemodule;
				SWIFT_OPTIMIZATION_LEVEL = "-O";
				VALIDATE_PRODUCT = YES;
			};
			name = Release;
		};
		7607528823A3913B0077E0F3 /* Debug */ = {
			isa = XCBuildConfiguration;
			buildSettings = {
				ASSETCATALOG_COMPILER_APPICON_NAME = AppIcon;
				CODE_SIGN_STYLE = Automatic;
				DEVELOPMENT_TEAM = WV8X6Q6LRX;
				INFOPLIST_FILE = CICDSample/Info.plist;
				LD_RUNPATH_SEARCH_PATHS = (
					"$(inherited)",
					"@executable_path/Frameworks",
				);
				PRODUCT_BUNDLE_IDENTIFIER = com.LTI.CICDSampleone;
				PRODUCT_NAME = "$(TARGET_NAME)";
				SWIFT_VERSION = 5.0;
				TARGETED_DEVICE_FAMILY = "1,2";
			};
			name = Debug;
		};
		7607528923A3913B0077E0F3 /* Release */ = {
			isa = XCBuildConfiguration;
			buildSettings = {
				ASSETCATALOG_COMPILER_APPICON_NAME = AppIcon;
				CODE_SIGN_STYLE = Automatic;
				DEVELOPMENT_TEAM = WV8X6Q6LRX;
				INFOPLIST_FILE = CICDSample/Info.plist;
				LD_RUNPATH_SEARCH_PATHS = (
					"$(inherited)",
					"@executable_path/Frameworks",
				);
				PRODUCT_BUNDLE_IDENTIFIER = com.LTI.CICDSampleone;
				PRODUCT_NAME = "$(TARGET_NAME)";
				SWIFT_VERSION = 5.0;
				TARGETED_DEVICE_FAMILY = "1,2";
			};
			name = Release;
		};
		7607528B23A3913B0077E0F3 /* Debug */ = {
			isa = XCBuildConfiguration;
			buildSettings = {
				ALWAYS_EMBED_SWIFT_STANDARD_LIBRARIES = YES;
				BUNDLE_LOADER = "$(TEST_HOST)";
				CODE_SIGN_STYLE = Automatic;
				DEVELOPMENT_TEAM = V6L87PS8J7;
				INFOPLIST_FILE = CICDSampleTests/Info.plist;
				IPHONEOS_DEPLOYMENT_TARGET = 13.2;
				LD_RUNPATH_SEARCH_PATHS = (
					"$(inherited)",
					"@executable_path/Frameworks",
					"@loader_path/Frameworks",
				);
				PRODUCT_BUNDLE_IDENTIFIER = com.LTI.CICDSampleTests;
				PRODUCT_NAME = "$(TARGET_NAME)";
				SWIFT_VERSION = 5.0;
				TARGETED_DEVICE_FAMILY = "1,2";
				TEST_HOST = "$(BUILT_PRODUCTS_DIR)/CICDSample.app/CICDSample";
			};
			name = Debug;
		};
		7607528C23A3913B0077E0F3 /* Release */ = {
			isa = XCBuildConfiguration;
			buildSettings = {
				ALWAYS_EMBED_SWIFT_STANDARD_LIBRARIES = YES;
				BUNDLE_LOADER = "$(TEST_HOST)";
				CODE_SIGN_STYLE = Automatic;
				DEVELOPMENT_TEAM = V6L87PS8J7;
				INFOPLIST_FILE = CICDSampleTests/Info.plist;
				IPHONEOS_DEPLOYMENT_TARGET = 13.2;
				LD_RUNPATH_SEARCH_PATHS = (
					"$(inherited)",
					"@executable_path/Frameworks",
					"@loader_path/Frameworks",
				);
				PRODUCT_BUNDLE_IDENTIFIER = com.LTI.CICDSampleTests;
				PRODUCT_NAME = "$(TARGET_NAME)";
				SWIFT_VERSION = 5.0;
				TARGETED_DEVICE_FAMILY = "1,2";
				TEST_HOST = "$(BUILT_PRODUCTS_DIR)/CICDSample.app/CICDSample";
			};
			name = Release;
		};
/* End XCBuildConfiguration section */

/* Begin XCConfigurationList section */
		7607526323A391390077E0F3 /* Build configuration list for PBXProject "CICDSample" */ = {
			isa = XCConfigurationList;
			buildConfigurations = (
				7607528523A3913B0077E0F3 /* Debug */,
				7607528623A3913B0077E0F3 /* Release */,
			);
			defaultConfigurationIsVisible = 0;
			defaultConfigurationName = Release;
		};
		7607528723A3913B0077E0F3 /* Build configuration list for PBXNativeTarget "CICDSample" */ = {
			isa = XCConfigurationList;
			buildConfigurations = (
				7607528823A3913B0077E0F3 /* Debug */,
				7607528923A3913B0077E0F3 /* Release */,
			);
			defaultConfigurationIsVisible = 0;
			defaultConfigurationName = Release;
		};
		7607528A23A3913B0077E0F3 /* Build configuration list for PBXNativeTarget "CICDSampleTests" */ = {
			isa = XCConfigurationList;
			buildConfigurations = (
				7607528B23A3913B0077E0F3 /* Debug */,
				7607528C23A3913B0077E0F3 /* Release */,
			);
			defaultConfigurationIsVisible = 0;
			defaultConfigurationName = Release;
		};
/* End XCConfigurationList section */
	};
	rootObject = 7607526023A391390077E0F3 /* Project object */;
}
